
Microsoft Visual Studio Solution File, Format Version 12.00
# Visual Studio Version 17
VisualStudioVersion = 17.11.35312.102
MinimumVisualStudioVersion = 10.0.40219.1
Project("{FAE04EC0-301F-11D3-BF4B-00C04F79EFBC}") = "AuctionKoi.WebApplication", "AuctionKoi.WebApplication\AuctionKoi.WebApplication.csproj", "{9AF5F347-DF18-46CB-BF95-55DF555BB21D}"
EndProject
Project("{FAE04EC0-301F-11D3-BF4B-00C04F79EFBC}") = "AuctionKoi.Services", "AuctionKoi.Services\AuctionKoi.Services.csproj", "{8067BD9A-C252-4EF6-AEF2-53010BAA51AB}"
EndProject
Project("{FAE04EC0-301F-11D3-BF4B-00C04F79EFBC}") = "AuctionKoi.Repositories", "AuctionKoi.Repositories\AuctionKoi.Repositories.csproj", "{774D1BA5-91EE-4171-A408-460CABA8C963}"
EndProject
Global
	GlobalSection(SolutionConfigurationPlatforms) = preSolution
		Debug|Any CPU = Debug|Any CPU
		Release|Any CPU = Release|Any CPU
	EndGlobalSection
	GlobalSection(ProjectConfigurationPlatforms) = postSolution
		{9AF5F347-DF18-46CB-BF95-55DF555BB21D}.Debug|Any CPU.ActiveCfg = Debug|Any CPU
		{9AF5F347-DF18-46CB-BF95-55DF555BB21D}.Debug|Any CPU.Build.0 = Debug|Any CPU
		{9AF5F347-DF18-46CB-BF95-55DF555BB21D}.Release|Any CPU.ActiveCfg = Release|Any CPU
		{9AF5F347-DF18-46CB-BF95-55DF555BB21D}.Release|Any CPU.Build.0 = Release|Any CPU
		{8067BD9A-C252-4EF6-AEF2-53010BAA51AB}.Debug|Any CPU.ActiveCfg = Debug|Any CPU
		{8067BD9A-C252-4EF6-AEF2-53010BAA51AB}.Debug|Any CPU.Build.0 = Debug|Any CPU
		{8067BD9A-C252-4EF6-AEF2-53010BAA51AB}.Release|Any CPU.ActiveCfg = Release|Any CPU
		{8067BD9A-C252-4EF6-AEF2-53010BAA51AB}.Release|Any CPU.Build.0 = Release|Any CPU
		{774D1BA5-91EE-4171-A408-460CABA8C963}.Debug|Any CPU.ActiveCfg = Debug|Any CPU
		{774D1BA5-91EE-4171-A408-460CABA8C963}.Debug|Any CPU.Build.0 = Debug|Any CPU
		{774D1BA5-91EE-4171-A408-460CABA8C963}.Release|Any CPU.ActiveCfg = Release|Any CPU
		{774D1BA5-91EE-4171-A408-460CABA8C963}.Release|Any CPU.Build.0 = Release|Any CPU
	EndGlobalSection
	GlobalSection(SolutionProperties) = preSolution
		HideSolutionNode = FALSE
	EndGlobalSection
	GlobalSection(ExtensibilityGlobals) = postSolution
		SolutionGuid = {D7910B7D-E18C-42EB-975B-05C332DBEE5E}
	EndGlobalSection
EndGlobal
