
Microsoft Visual Studio Solution File, Format Version 12.00
# Visual Studio Version 17
VisualStudioVersion = 17.11.35312.102
MinimumVisualStudioVersion = 10.0.40219.1
Project("{9A19103F-16F7-4668-BE54-9A1E7A4F7556}") = "AuctionKoi.Service", "AuctionKoi.Service\AuctionKoi.Service.csproj", "{084418D3-EE43-45D7-AC1E-40239C777EE2}"
EndProject
Project("{9A19103F-16F7-4668-BE54-9A1E7A4F7556}") = "AuctionKoi.Repositories", "AuctionKoi.Repositories\AuctionKoi.Repositories.csproj", "{E843AA94-360B-43CF-83F6-76D16410EE27}"
EndProject
Project("{FAE04EC0-301F-11D3-BF4B-00C04F79EFBC}") = "AuctionKoi.WebApplication", "AuctionKoi.WebApplication\AuctionKoi.WebApplication.csproj", "{6E54C21E-06CF-4A8D-A408-09B6D90DC29D}"
EndProject
Global
	GlobalSection(SolutionConfigurationPlatforms) = preSolution
		Debug|Any CPU = Debug|Any CPU
		Release|Any CPU = Release|Any CPU
	EndGlobalSection
	GlobalSection(ProjectConfigurationPlatforms) = postSolution
		{084418D3-EE43-45D7-AC1E-40239C777EE2}.Debug|Any CPU.ActiveCfg = Debug|Any CPU
		{084418D3-EE43-45D7-AC1E-40239C777EE2}.Debug|Any CPU.Build.0 = Debug|Any CPU
		{084418D3-EE43-45D7-AC1E-40239C777EE2}.Release|Any CPU.ActiveCfg = Release|Any CPU
		{084418D3-EE43-45D7-AC1E-40239C777EE2}.Release|Any CPU.Build.0 = Release|Any CPU
		{E843AA94-360B-43CF-83F6-76D16410EE27}.Debug|Any CPU.ActiveCfg = Debug|Any CPU
		{E843AA94-360B-43CF-83F6-76D16410EE27}.Debug|Any CPU.Build.0 = Debug|Any CPU
		{E843AA94-360B-43CF-83F6-76D16410EE27}.Release|Any CPU.ActiveCfg = Release|Any CPU
		{E843AA94-360B-43CF-83F6-76D16410EE27}.Release|Any CPU.Build.0 = Release|Any CPU
		{6E54C21E-06CF-4A8D-A408-09B6D90DC29D}.Debug|Any CPU.ActiveCfg = Debug|Any CPU
		{6E54C21E-06CF-4A8D-A408-09B6D90DC29D}.Debug|Any CPU.Build.0 = Debug|Any CPU
		{6E54C21E-06CF-4A8D-A408-09B6D90DC29D}.Release|Any CPU.ActiveCfg = Release|Any CPU
		{6E54C21E-06CF-4A8D-A408-09B6D90DC29D}.Release|Any CPU.Build.0 = Release|Any CPU
	EndGlobalSection
	GlobalSection(SolutionProperties) = preSolution
		HideSolutionNode = FALSE
	EndGlobalSection
	GlobalSection(ExtensibilityGlobals) = postSolution
		SolutionGuid = {266152C0-207F-4864-9D79-ACD64AE57C72}
	EndGlobalSection
EndGlobal
